
Microsoft Visual Studio Solution File, Format Version 12.00
# Visual Studio Version 17
VisualStudioVersion = 17.10.35122.118
MinimumVisualStudioVersion = 10.0.40219.1
Project("{FAE04EC0-301F-11D3-BF4B-00C04F79EFBC}") = "ejemplogit.consola", "ejemplogit.consola\ejemplogit.consola.csproj", "{9EBEB52A-C995-4169-8F40-0AA29CFA6BC9}"
EndProject
Global
	GlobalSection(SolutionConfigurationPlatforms) = preSolution
		Debug|Any CPU = Debug|Any CPU
		Release|Any CPU = Release|Any CPU
	EndGlobalSection
	GlobalSection(ProjectConfigurationPlatforms) = postSolution
		{9EBEB52A-C995-4169-8F40-0AA29CFA6BC9}.Debug|Any CPU.ActiveCfg = Debug|Any CPU
		{9EBEB52A-C995-4169-8F40-0AA29CFA6BC9}.Debug|Any CPU.Build.0 = Debug|Any CPU
		{9EBEB52A-C995-4169-8F40-0AA29CFA6BC9}.Release|Any CPU.ActiveCfg = Release|Any CPU
		{9EBEB52A-C995-4169-8F40-0AA29CFA6BC9}.Release|Any CPU.Build.0 = Release|Any CPU
	EndGlobalSection
	GlobalSection(SolutionProperties) = preSolution
		HideSolutionNode = FALSE
	EndGlobalSection
	GlobalSection(ExtensibilityGlobals) = postSolution
		SolutionGuid = {C0D11636-26F5-447F-BED8-48FC68955DB9}
	EndGlobalSection
EndGlobal
